
Microsoft Visual Studio Solution File, Format Version 12.00
# Visual Studio Version 16
VisualStudioVersion = 16.0.30804.86
MinimumVisualStudioVersion = 10.0.40219.1
Project("{FAE04EC0-301F-11D3-BF4B-00C04F79EFBC}") = "CopyFolderTool", "CopyFolderTool\CopyFolderTool.csproj", "{7D2F494B-181F-4975-A998-6B760B6C2B3E}"
EndProject
Global
	GlobalSection(SolutionConfigurationPlatforms) = preSolution
		Debug|Any CPU = Debug|Any CPU
		Release|Any CPU = Release|Any CPU
	EndGlobalSection
	GlobalSection(ProjectConfigurationPlatforms) = postSolution
		{7D2F494B-181F-4975-A998-6B760B6C2B3E}.Debug|Any CPU.ActiveCfg = Debug|Any CPU
		{7D2F494B-181F-4975-A998-6B760B6C2B3E}.Debug|Any CPU.Build.0 = Debug|Any CPU
		{7D2F494B-181F-4975-A998-6B760B6C2B3E}.Release|Any CPU.ActiveCfg = Release|Any CPU
		{7D2F494B-181F-4975-A998-6B760B6C2B3E}.Release|Any CPU.Build.0 = Release|Any CPU
	EndGlobalSection
	GlobalSection(SolutionProperties) = preSolution
		HideSolutionNode = FALSE
	EndGlobalSection
	GlobalSection(ExtensibilityGlobals) = postSolution
		SolutionGuid = {3ED29094-FBD6-4AC0-B188-CE34ACA8408F}
	EndGlobalSection
EndGlobal
